
Microsoft Visual Studio Solution File, Format Version 12.00
# Visual Studio Version 17
VisualStudioVersion = 17.11.35208.52
MinimumVisualStudioVersion = 10.0.40219.1
Project("{FAE04EC0-301F-11D3-BF4B-00C04F79EFBC}") = "Tutorial3_1", "Tutorial3_1\Tutorial3_1.csproj", "{69692BF4-B3BB-4B35-8759-3EF4D4269196}"
EndProject
Global
	GlobalSection(SolutionConfigurationPlatforms) = preSolution
		Debug|Any CPU = Debug|Any CPU
		Release|Any CPU = Release|Any CPU
	EndGlobalSection
	GlobalSection(ProjectConfigurationPlatforms) = postSolution
		{69692BF4-B3BB-4B35-8759-3EF4D4269196}.Debug|Any CPU.ActiveCfg = Debug|Any CPU
		{69692BF4-B3BB-4B35-8759-3EF4D4269196}.Debug|Any CPU.Build.0 = Debug|Any CPU
		{69692BF4-B3BB-4B35-8759-3EF4D4269196}.Release|Any CPU.ActiveCfg = Release|Any CPU
		{69692BF4-B3BB-4B35-8759-3EF4D4269196}.Release|Any CPU.Build.0 = Release|Any CPU
	EndGlobalSection
	GlobalSection(SolutionProperties) = preSolution
		HideSolutionNode = FALSE
	EndGlobalSection
	GlobalSection(ExtensibilityGlobals) = postSolution
		SolutionGuid = {1F001C5C-6E9F-47ED-9E9A-5E01249AF859}
	EndGlobalSection
EndGlobal
