
Microsoft Visual Studio Solution File, Format Version 12.00
# Visual Studio Version 17
VisualStudioVersion = 17.11.35208.52
MinimumVisualStudioVersion = 10.0.40219.1
Project("{FAE04EC0-301F-11D3-BF4B-00C04F79EFBC}") = "hello", "hello\hello.csproj", "{92F344FF-9E4D-43AA-B5E8-6F5871305BBC}"
EndProject
Global
	GlobalSection(SolutionConfigurationPlatforms) = preSolution
		Debug|Any CPU = Debug|Any CPU
		Release|Any CPU = Release|Any CPU
	EndGlobalSection
	GlobalSection(ProjectConfigurationPlatforms) = postSolution
		{92F344FF-9E4D-43AA-B5E8-6F5871305BBC}.Debug|Any CPU.ActiveCfg = Debug|Any CPU
		{92F344FF-9E4D-43AA-B5E8-6F5871305BBC}.Debug|Any CPU.Build.0 = Debug|Any CPU
		{92F344FF-9E4D-43AA-B5E8-6F5871305BBC}.Release|Any CPU.ActiveCfg = Release|Any CPU
		{92F344FF-9E4D-43AA-B5E8-6F5871305BBC}.Release|Any CPU.Build.0 = Release|Any CPU
	EndGlobalSection
	GlobalSection(SolutionProperties) = preSolution
		HideSolutionNode = FALSE
	EndGlobalSection
	GlobalSection(ExtensibilityGlobals) = postSolution
		SolutionGuid = {314A8E21-58A1-4F8C-9DB5-9C91DE6E49BD}
	EndGlobalSection
EndGlobal
